
Microsoft Visual Studio Solution File, Format Version 12.00
# Visual Studio 2013
VisualStudioVersion = 12.0.31101.0
MinimumVisualStudioVersion = 10.0.40219.1
Project("{FAE04EC0-301F-11D3-BF4B-00C04F79EFBC}") = "AggregateMetrics", "AggregateMetrics\AggregateMetrics.csproj", "{90A9E1BC-2D9D-442B-A0CA-46CFF434A903}"
EndProject
Project("{FAE04EC0-301F-11D3-BF4B-00C04F79EFBC}") = "AggregateMetrics.Tests", "AggregateMetrics.Tests\AggregateMetrics.Tests.csproj", "{2AF60459-87CC-4F78-8C91-4C7B95DB9FB4}"
EndProject
Project("{FAE04EC0-301F-11D3-BF4B-00C04F79EFBC}") = "MetricsGenerator", "MetricsGenerator\MetricsGenerator.csproj", "{ADBEF080-B703-48FB-8ED9-64364E86A1B6}"
EndProject
Project("{FAE04EC0-301F-11D3-BF4B-00C04F79EFBC}") = "AggregateMetrics.NuGet", "NuGet\AggregateMetrics.NuGet.csproj", "{5409E54F-708A-4C85-9C5A-9266AB36C1A7}"
EndProject
Project("{2150E333-8FDC-42A3-9474-1A3956D46DE8}") = "SolutionItems", "SolutionItems", "{455DAA7D-2EE7-4341-8EFC-20A4CA5DF9A0}"
	ProjectSection(SolutionItems) = preProject
		README.md = README.md
		Version.props = Version.props
	EndProjectSection
EndProject
Global
	GlobalSection(SolutionConfigurationPlatforms) = preSolution
		Debug|Any CPU = Debug|Any CPU
		Release|Any CPU = Release|Any CPU
	EndGlobalSection
	GlobalSection(ProjectConfigurationPlatforms) = postSolution
		{90A9E1BC-2D9D-442B-A0CA-46CFF434A903}.Debug|Any CPU.ActiveCfg = Debug|Any CPU
		{90A9E1BC-2D9D-442B-A0CA-46CFF434A903}.Debug|Any CPU.Build.0 = Debug|Any CPU
		{90A9E1BC-2D9D-442B-A0CA-46CFF434A903}.Release|Any CPU.ActiveCfg = Release|Any CPU
		{90A9E1BC-2D9D-442B-A0CA-46CFF434A903}.Release|Any CPU.Build.0 = Release|Any CPU
		{2AF60459-87CC-4F78-8C91-4C7B95DB9FB4}.Debug|Any CPU.ActiveCfg = Debug|Any CPU
		{2AF60459-87CC-4F78-8C91-4C7B95DB9FB4}.Debug|Any CPU.Build.0 = Debug|Any CPU
		{2AF60459-87CC-4F78-8C91-4C7B95DB9FB4}.Release|Any CPU.ActiveCfg = Release|Any CPU
		{2AF60459-87CC-4F78-8C91-4C7B95DB9FB4}.Release|Any CPU.Build.0 = Release|Any CPU
		{ADBEF080-B703-48FB-8ED9-64364E86A1B6}.Debug|Any CPU.ActiveCfg = Debug|Any CPU
		{ADBEF080-B703-48FB-8ED9-64364E86A1B6}.Debug|Any CPU.Build.0 = Debug|Any CPU
		{ADBEF080-B703-48FB-8ED9-64364E86A1B6}.Release|Any CPU.ActiveCfg = Release|Any CPU
		{ADBEF080-B703-48FB-8ED9-64364E86A1B6}.Release|Any CPU.Build.0 = Release|Any CPU
		{5409E54F-708A-4C85-9C5A-9266AB36C1A7}.Debug|Any CPU.ActiveCfg = Debug|Any CPU
		{5409E54F-708A-4C85-9C5A-9266AB36C1A7}.Debug|Any CPU.Build.0 = Debug|Any CPU
		{5409E54F-708A-4C85-9C5A-9266AB36C1A7}.Release|Any CPU.ActiveCfg = Release|Any CPU
		{5409E54F-708A-4C85-9C5A-9266AB36C1A7}.Release|Any CPU.Build.0 = Release|Any CPU
	EndGlobalSection
	GlobalSection(SolutionProperties) = preSolution
		HideSolutionNode = FALSE
	EndGlobalSection
EndGlobal
