
Microsoft Visual Studio Solution File, Format Version 12.00
# Visual Studio 14
VisualStudioVersion = 14.0.24720.0
MinimumVisualStudioVersion = 10.0.40219.1
Project("{FAE04EC0-301F-11D3-BF4B-00C04F79EFBC}") = "WebHostedWebApiApplication", "WebHostedWebApiApplication\WebHostedWebApiApplication.csproj", "{FA66BB66-3EC3-450C-9237-72E792A576CD}"
EndProject
Project("{FAE04EC0-301F-11D3-BF4B-00C04F79EFBC}") = "SelfHostedWebApiApplication", "SelfHostedWebApiApplication\SelfHostedWebApiApplication.csproj", "{0B552D34-789E-41D5-AAB1-7099265502DD}"
EndProject
Global
	GlobalSection(SolutionConfigurationPlatforms) = preSolution
		Debug|Any CPU = Debug|Any CPU
		Release|Any CPU = Release|Any CPU
	EndGlobalSection
	GlobalSection(ProjectConfigurationPlatforms) = postSolution
		{FA66BB66-3EC3-450C-9237-72E792A576CD}.Debug|Any CPU.ActiveCfg = Debug|Any CPU
		{FA66BB66-3EC3-450C-9237-72E792A576CD}.Debug|Any CPU.Build.0 = Debug|Any CPU
		{FA66BB66-3EC3-450C-9237-72E792A576CD}.Release|Any CPU.ActiveCfg = Release|Any CPU
		{FA66BB66-3EC3-450C-9237-72E792A576CD}.Release|Any CPU.Build.0 = Release|Any CPU
		{0B552D34-789E-41D5-AAB1-7099265502DD}.Debug|Any CPU.ActiveCfg = Debug|Any CPU
		{0B552D34-789E-41D5-AAB1-7099265502DD}.Debug|Any CPU.Build.0 = Debug|Any CPU
		{0B552D34-789E-41D5-AAB1-7099265502DD}.Release|Any CPU.ActiveCfg = Release|Any CPU
		{0B552D34-789E-41D5-AAB1-7099265502DD}.Release|Any CPU.Build.0 = Release|Any CPU
	EndGlobalSection
	GlobalSection(SolutionProperties) = preSolution
		HideSolutionNode = FALSE
	EndGlobalSection
EndGlobal
